
Microsoft Visual Studio Solution File, Format Version 12.00
# Visual Studio Version 16
VisualStudioVersion = 16.0.32929.386
MinimumVisualStudioVersion = 10.0.40219.1
Project("{9A19103F-16F7-4668-BE54-9A1E7A4F7556}") = "FinalProject", "FinalProject\FinalProject.csproj", "{1FB72F7C-9CF8-4C9E-9828-0D679E659CCE}"
EndProject
Global
	GlobalSection(SolutionConfigurationPlatforms) = preSolution
		Debug|Any CPU = Debug|Any CPU
		Debug|x64 = Debug|x64
		Release|Any CPU = Release|Any CPU
		Release|x64 = Release|x64
	EndGlobalSection
	GlobalSection(ProjectConfigurationPlatforms) = postSolution
		{1FB72F7C-9CF8-4C9E-9828-0D679E659CCE}.Debug|Any CPU.ActiveCfg = Debug|Any CPU
		{1FB72F7C-9CF8-4C9E-9828-0D679E659CCE}.Debug|Any CPU.Build.0 = Debug|Any CPU
		{1FB72F7C-9CF8-4C9E-9828-0D679E659CCE}.Debug|x64.ActiveCfg = Debug|x64
		{1FB72F7C-9CF8-4C9E-9828-0D679E659CCE}.Debug|x64.Build.0 = Debug|x64
		{1FB72F7C-9CF8-4C9E-9828-0D679E659CCE}.Release|Any CPU.ActiveCfg = Release|Any CPU
		{1FB72F7C-9CF8-4C9E-9828-0D679E659CCE}.Release|Any CPU.Build.0 = Release|Any CPU
		{1FB72F7C-9CF8-4C9E-9828-0D679E659CCE}.Release|x64.ActiveCfg = Release|x64
		{1FB72F7C-9CF8-4C9E-9828-0D679E659CCE}.Release|x64.Build.0 = Release|x64
	EndGlobalSection
	GlobalSection(SolutionProperties) = preSolution
		HideSolutionNode = FALSE
	EndGlobalSection
	GlobalSection(ExtensibilityGlobals) = postSolution
		SolutionGuid = {B99D4F7C-FD8C-4AB1-97CA-8193C39B6CD1}
	EndGlobalSection
EndGlobal
